
Microsoft Visual Studio Solution File, Format Version 12.00
# Visual Studio 14
VisualStudioVersion = 14.0.25420.1
MinimumVisualStudioVersion = 10.0.40219.1
Project("{FAE04EC0-301F-11D3-BF4B-00C04F79EFBC}") = "Latihan_2_1", "Latihan_2_1\Latihan_2_1.csproj", "{BCBA0575-5889-4B97-B698-2382A8AFB3FF}"
EndProject
Project("{FAE04EC0-301F-11D3-BF4B-00C04F79EFBC}") = "Latihan_1_1", "Latihan_1_1\Latihan_1_1.csproj", "{6BC58BCD-4C9E-4740-9CAC-492EADABD215}"
EndProject
Global
	GlobalSection(SolutionConfigurationPlatforms) = preSolution
		Debug|Any CPU = Debug|Any CPU
		Release|Any CPU = Release|Any CPU
	EndGlobalSection
	GlobalSection(ProjectConfigurationPlatforms) = postSolution
		{BCBA0575-5889-4B97-B698-2382A8AFB3FF}.Debug|Any CPU.ActiveCfg = Debug|Any CPU
		{BCBA0575-5889-4B97-B698-2382A8AFB3FF}.Debug|Any CPU.Build.0 = Debug|Any CPU
		{BCBA0575-5889-4B97-B698-2382A8AFB3FF}.Release|Any CPU.ActiveCfg = Release|Any CPU
		{BCBA0575-5889-4B97-B698-2382A8AFB3FF}.Release|Any CPU.Build.0 = Release|Any CPU
		{6BC58BCD-4C9E-4740-9CAC-492EADABD215}.Debug|Any CPU.ActiveCfg = Debug|Any CPU
		{6BC58BCD-4C9E-4740-9CAC-492EADABD215}.Debug|Any CPU.Build.0 = Debug|Any CPU
		{6BC58BCD-4C9E-4740-9CAC-492EADABD215}.Release|Any CPU.ActiveCfg = Release|Any CPU
		{6BC58BCD-4C9E-4740-9CAC-492EADABD215}.Release|Any CPU.Build.0 = Release|Any CPU
	EndGlobalSection
	GlobalSection(SolutionProperties) = preSolution
		HideSolutionNode = FALSE
	EndGlobalSection
EndGlobal
