
Microsoft Visual Studio Solution File, Format Version 12.00
# Visual Studio 14
VisualStudioVersion = 14.0.25420.1
MinimumVisualStudioVersion = 10.0.40219.1
Project("{FAE04EC0-301F-11D3-BF4B-00C04F79EFBC}") = "Latihan_2_1", "Latihan_2_1\Latihan_2_1.csproj", "{BCBA0575-5889-4B97-B698-2382A8AFB3FF}"
EndProject
Project("{FAE04EC0-301F-11D3-BF4B-00C04F79EFBC}") = "Latihan_1_1", "Latihan_1_1\Latihan_1_1.csproj", "{6BC58BCD-4C9E-4740-9CAC-492EADABD215}"
EndProject
Project("{FAE04EC0-301F-11D3-BF4B-00C04F79EFBC}") = "Latihan_3_1", "Latihan_3_1\Latihan_3_1.csproj", "{0219D5DC-7F78-46E1-A9CE-87F1A23AA191}"
EndProject
Project("{FAE04EC0-301F-11D3-BF4B-00C04F79EFBC}") = "Latihan_4_1", "Latihan_4_1\Latihan_4_1.csproj", "{4B2112C5-0492-47AC-9856-BD53D4FD7463}"
EndProject
Project("{FAE04EC0-301F-11D3-BF4B-00C04F79EFBC}") = "Latihan_5_1", "Latihan_5_1\Latihan_5_1.csproj", "{4D0DAA16-F0CF-4E44-99A2-B1D18CEFD49B}"
EndProject
Project("{FAE04EC0-301F-11D3-BF4B-00C04F79EFBC}") = "volleyball_problem", "volleyball_problem\volleyball_problem.csproj", "{3DB09291-D86E-4A44-B0B0-BA28B893093E}"
EndProject
Project("{FAE04EC0-301F-11D3-BF4B-00C04F79EFBC}") = "Latihan_6_1", "Latihan_6_1\Latihan_6_1.csproj", "{68BCC342-024F-4475-A292-30853A05AA93}"
EndProject
Project("{FAE04EC0-301F-11D3-BF4B-00C04F79EFBC}") = "Latihan_POS", "Latihan_POS\Latihan_POS.csproj", "{8AD1B2F1-0A2C-4FA8-BFA3-7E75D960D5B2}"
EndProject
Global
	GlobalSection(SolutionConfigurationPlatforms) = preSolution
		Debug|Any CPU = Debug|Any CPU
		Release|Any CPU = Release|Any CPU
	EndGlobalSection
	GlobalSection(ProjectConfigurationPlatforms) = postSolution
		{BCBA0575-5889-4B97-B698-2382A8AFB3FF}.Debug|Any CPU.ActiveCfg = Debug|Any CPU
		{BCBA0575-5889-4B97-B698-2382A8AFB3FF}.Debug|Any CPU.Build.0 = Debug|Any CPU
		{BCBA0575-5889-4B97-B698-2382A8AFB3FF}.Release|Any CPU.ActiveCfg = Release|Any CPU
		{BCBA0575-5889-4B97-B698-2382A8AFB3FF}.Release|Any CPU.Build.0 = Release|Any CPU
		{6BC58BCD-4C9E-4740-9CAC-492EADABD215}.Debug|Any CPU.ActiveCfg = Debug|Any CPU
		{6BC58BCD-4C9E-4740-9CAC-492EADABD215}.Debug|Any CPU.Build.0 = Debug|Any CPU
		{6BC58BCD-4C9E-4740-9CAC-492EADABD215}.Release|Any CPU.ActiveCfg = Release|Any CPU
		{6BC58BCD-4C9E-4740-9CAC-492EADABD215}.Release|Any CPU.Build.0 = Release|Any CPU
		{0219D5DC-7F78-46E1-A9CE-87F1A23AA191}.Debug|Any CPU.ActiveCfg = Debug|Any CPU
		{0219D5DC-7F78-46E1-A9CE-87F1A23AA191}.Debug|Any CPU.Build.0 = Debug|Any CPU
		{0219D5DC-7F78-46E1-A9CE-87F1A23AA191}.Release|Any CPU.ActiveCfg = Release|Any CPU
		{0219D5DC-7F78-46E1-A9CE-87F1A23AA191}.Release|Any CPU.Build.0 = Release|Any CPU
		{4B2112C5-0492-47AC-9856-BD53D4FD7463}.Debug|Any CPU.ActiveCfg = Debug|Any CPU
		{4B2112C5-0492-47AC-9856-BD53D4FD7463}.Debug|Any CPU.Build.0 = Debug|Any CPU
		{4B2112C5-0492-47AC-9856-BD53D4FD7463}.Release|Any CPU.ActiveCfg = Release|Any CPU
		{4B2112C5-0492-47AC-9856-BD53D4FD7463}.Release|Any CPU.Build.0 = Release|Any CPU
		{4D0DAA16-F0CF-4E44-99A2-B1D18CEFD49B}.Debug|Any CPU.ActiveCfg = Debug|Any CPU
		{4D0DAA16-F0CF-4E44-99A2-B1D18CEFD49B}.Debug|Any CPU.Build.0 = Debug|Any CPU
		{4D0DAA16-F0CF-4E44-99A2-B1D18CEFD49B}.Release|Any CPU.ActiveCfg = Release|Any CPU
		{4D0DAA16-F0CF-4E44-99A2-B1D18CEFD49B}.Release|Any CPU.Build.0 = Release|Any CPU
		{3DB09291-D86E-4A44-B0B0-BA28B893093E}.Debug|Any CPU.ActiveCfg = Debug|Any CPU
		{3DB09291-D86E-4A44-B0B0-BA28B893093E}.Debug|Any CPU.Build.0 = Debug|Any CPU
		{3DB09291-D86E-4A44-B0B0-BA28B893093E}.Release|Any CPU.ActiveCfg = Release|Any CPU
		{3DB09291-D86E-4A44-B0B0-BA28B893093E}.Release|Any CPU.Build.0 = Release|Any CPU
		{68BCC342-024F-4475-A292-30853A05AA93}.Debug|Any CPU.ActiveCfg = Debug|Any CPU
		{68BCC342-024F-4475-A292-30853A05AA93}.Debug|Any CPU.Build.0 = Debug|Any CPU
		{68BCC342-024F-4475-A292-30853A05AA93}.Release|Any CPU.ActiveCfg = Release|Any CPU
		{68BCC342-024F-4475-A292-30853A05AA93}.Release|Any CPU.Build.0 = Release|Any CPU
		{8AD1B2F1-0A2C-4FA8-BFA3-7E75D960D5B2}.Debug|Any CPU.ActiveCfg = Debug|Any CPU
		{8AD1B2F1-0A2C-4FA8-BFA3-7E75D960D5B2}.Debug|Any CPU.Build.0 = Debug|Any CPU
		{8AD1B2F1-0A2C-4FA8-BFA3-7E75D960D5B2}.Release|Any CPU.ActiveCfg = Release|Any CPU
		{8AD1B2F1-0A2C-4FA8-BFA3-7E75D960D5B2}.Release|Any CPU.Build.0 = Release|Any CPU
	EndGlobalSection
	GlobalSection(SolutionProperties) = preSolution
		HideSolutionNode = FALSE
	EndGlobalSection
EndGlobal
